
Microsoft Visual Studio Solution File, Format Version 12.00
# Visual Studio Version 17
VisualStudioVersion = 17.11.35431.28
MinimumVisualStudioVersion = 10.0.40219.1
Project("{8BC9CEB8-8B4A-11D0-8D11-00A0C91BC942}") = "linked list", "linked list\linked list.vcxproj", "{EFC3EE2F-DC55-432F-A52C-D77F8920F48C}"
EndProject
Global
	GlobalSection(SolutionConfigurationPlatforms) = preSolution
		Debug|x64 = Debug|x64
		Debug|x86 = Debug|x86
		Release|x64 = Release|x64
		Release|x86 = Release|x86
	EndGlobalSection
	GlobalSection(ProjectConfigurationPlatforms) = postSolution
		{EFC3EE2F-DC55-432F-A52C-D77F8920F48C}.Debug|x64.ActiveCfg = Debug|x64
		{EFC3EE2F-DC55-432F-A52C-D77F8920F48C}.Debug|x64.Build.0 = Debug|x64
		{EFC3EE2F-DC55-432F-A52C-D77F8920F48C}.Debug|x86.ActiveCfg = Debug|Win32
		{EFC3EE2F-DC55-432F-A52C-D77F8920F48C}.Debug|x86.Build.0 = Debug|Win32
		{EFC3EE2F-DC55-432F-A52C-D77F8920F48C}.Release|x64.ActiveCfg = Release|x64
		{EFC3EE2F-DC55-432F-A52C-D77F8920F48C}.Release|x64.Build.0 = Release|x64
		{EFC3EE2F-DC55-432F-A52C-D77F8920F48C}.Release|x86.ActiveCfg = Release|Win32
		{EFC3EE2F-DC55-432F-A52C-D77F8920F48C}.Release|x86.Build.0 = Release|Win32
	EndGlobalSection
	GlobalSection(SolutionProperties) = preSolution
		HideSolutionNode = FALSE
	EndGlobalSection
	GlobalSection(ExtensibilityGlobals) = postSolution
		SolutionGuid = {B06C22BB-C2EA-4CF0-BCE9-AA589D847C99}
	EndGlobalSection
EndGlobal
